
Microsoft Visual Studio Solution File, Format Version 12.00
# Visual Studio Version 17
VisualStudioVersion = 17.7.34031.279
MinimumVisualStudioVersion = 10.0.40219.1
Project("{FAE04EC0-301F-11D3-BF4B-00C04F79EFBC}") = "BlingFireNetStandard", "BlingFireNetStandard\BlingFireNetStandard.csproj", "{FFF35DFF-F7C7-44DB-B363-5555D4DA7F46}"
EndProject
Project("{FAE04EC0-301F-11D3-BF4B-00C04F79EFBC}") = "BlingFireNetStandardTest", "BlingFireNetStandardTest\BlingFireNetStandardTest.csproj", "{7FA1408F-5318-498B-BD6F-429A05BEF505}"
EndProject
Global
	GlobalSection(SolutionConfigurationPlatforms) = preSolution
		Debug|Any CPU = Debug|Any CPU
		Release|Any CPU = Release|Any CPU
	EndGlobalSection
	GlobalSection(ProjectConfigurationPlatforms) = postSolution
		{FFF35DFF-F7C7-44DB-B363-5555D4DA7F46}.Debug|Any CPU.ActiveCfg = Debug|Any CPU
		{FFF35DFF-F7C7-44DB-B363-5555D4DA7F46}.Debug|Any CPU.Build.0 = Debug|Any CPU
		{FFF35DFF-F7C7-44DB-B363-5555D4DA7F46}.Release|Any CPU.ActiveCfg = Release|Any CPU
		{FFF35DFF-F7C7-44DB-B363-5555D4DA7F46}.Release|Any CPU.Build.0 = Release|Any CPU
		{7FA1408F-5318-498B-BD6F-429A05BEF505}.Debug|Any CPU.ActiveCfg = Debug|Any CPU
		{7FA1408F-5318-498B-BD6F-429A05BEF505}.Debug|Any CPU.Build.0 = Debug|Any CPU
		{7FA1408F-5318-498B-BD6F-429A05BEF505}.Release|Any CPU.ActiveCfg = Release|Any CPU
		{7FA1408F-5318-498B-BD6F-429A05BEF505}.Release|Any CPU.Build.0 = Release|Any CPU
	EndGlobalSection
	GlobalSection(SolutionProperties) = preSolution
		HideSolutionNode = FALSE
	EndGlobalSection
	GlobalSection(ExtensibilityGlobals) = postSolution
		SolutionGuid = {7356CF97-2BAC-467B-A096-3D353A5F96D1}
	EndGlobalSection
EndGlobal
