
Microsoft Visual Studio Solution File, Format Version 12.00
# Visual Studio 15
VisualStudioVersion = 15.0.27130.2026
MinimumVisualStudioVersion = 10.0.40219.1
Project("{9A19103F-16F7-4668-BE54-9A1E7A4F7556}") = "BlingFireNuget", "lib\BlingFireNuget.csproj", "{C5B66978-2863-48E3-B512-70D96E672906}"
EndProject
Project("{9A19103F-16F7-4668-BE54-9A1E7A4F7556}") = "BlingUtilsTest", "test\BlingUtilsTest.csproj", "{7303F3B1-EA77-4547-AD90-12ED9B5EFFCA}"
EndProject
Global
	GlobalSection(SolutionConfigurationPlatforms) = preSolution
		Debug|Any CPU = Debug|Any CPU
		Release|Any CPU = Release|Any CPU
	EndGlobalSection
	GlobalSection(ProjectConfigurationPlatforms) = postSolution
		{C5B66978-2863-48E3-B512-70D96E672906}.Debug|Any CPU.ActiveCfg = Debug|Any CPU
		{C5B66978-2863-48E3-B512-70D96E672906}.Debug|Any CPU.Build.0 = Debug|Any CPU
		{C5B66978-2863-48E3-B512-70D96E672906}.Release|Any CPU.ActiveCfg = Release|Any CPU
		{C5B66978-2863-48E3-B512-70D96E672906}.Release|Any CPU.Build.0 = Release|Any CPU
		{7303F3B1-EA77-4547-AD90-12ED9B5EFFCA}.Debug|Any CPU.ActiveCfg = Debug|Any CPU
		{7303F3B1-EA77-4547-AD90-12ED9B5EFFCA}.Debug|Any CPU.Build.0 = Debug|Any CPU
		{7303F3B1-EA77-4547-AD90-12ED9B5EFFCA}.Release|Any CPU.ActiveCfg = Release|Any CPU
		{7303F3B1-EA77-4547-AD90-12ED9B5EFFCA}.Release|Any CPU.Build.0 = Release|Any CPU
	EndGlobalSection
	GlobalSection(SolutionProperties) = preSolution
		HideSolutionNode = FALSE
	EndGlobalSection
	GlobalSection(ExtensibilityGlobals) = postSolution
		SolutionGuid = {dfac5c1b-aacc-4e89-833f-8df7bc13bccb}
	EndGlobalSection
EndGlobal
